
Microsoft Visual Studio Solution File, Format Version 12.00
# Visual Studio Version 17
VisualStudioVersion = 17.0.31903.59
MinimumVisualStudioVersion = 10.0.40219.1
Project("{9A19103F-16F7-4668-BE54-9A1E7A4F7556}") = "DatabaseManager.Server", "DatabaseManager\Server\DatabaseManager.Server.csproj", "{FA78B9E1-74B5-41B2-9C1E-8BFA249503BB}"
EndProject
Project("{9A19103F-16F7-4668-BE54-9A1E7A4F7556}") = "DatabaseManager.Client", "DatabaseManager\Client\DatabaseManager.Client.csproj", "{4318C3EF-6424-497A-94F5-BE97C511E893}"
EndProject
Project("{9A19103F-16F7-4668-BE54-9A1E7A4F7556}") = "DatabaseManager.Shared", "DatabaseManager\Shared\DatabaseManager.Shared.csproj", "{386E0182-3078-467C-AD1D-B2799953D6D7}"
EndProject
Project("{9A19103F-16F7-4668-BE54-9A1E7A4F7556}") = "DatabaseManager.AppFunctions", "DatabaseManager.AppFunctions\DatabaseManager.AppFunctions.csproj", "{2A33A814-8255-460D-B21C-00C0A2A58FB0}"
EndProject
Project("{9A19103F-16F7-4668-BE54-9A1E7A4F7556}") = "DatabaseManager.LocalDataTransfer", "DatabaseManager.LocalDataTransfer\DatabaseManager.LocalDataTransfer.csproj", "{76C22ABD-4AE1-44BA-B231-908533D291A0}"
EndProject
Project("{9A19103F-16F7-4668-BE54-9A1E7A4F7556}") = "DatabaseManager.ServerLessClient", "DatabaseManager.ServerLessClient\DatabaseManager.ServerLessClient.csproj", "{DD6DA696-7911-459A-B426-CA3F07CD488A}"
EndProject
Project("{9A19103F-16F7-4668-BE54-9A1E7A4F7556}") = "DatabaseManager.BlazorComponents", "DatabaseManager.BlazorComponents\DatabaseManager.BlazorComponents.csproj", "{8796D961-3CB8-4D2C-9394-FB0EDE5DF4A3}"
EndProject
Project("{9A19103F-16F7-4668-BE54-9A1E7A4F7556}") = "DatabaseManager.Common", "DatabaseManager.Common\DatabaseManager.Common.csproj", "{E64B8DE9-C03F-44B5-8EE6-82F406198579}"
EndProject
Project("{2150E333-8FDC-42A3-9474-1A3956D46DE8}") = "Services", "Services", "{EA828F33-3FF9-4D14-9C0E-F36AB7E3C98A}"
EndProject
Project("{9A19103F-16F7-4668-BE54-9A1E7A4F7556}") = "DatabaseManager.Services.Datasources", "DatabaseManager.Services.Datasources\DatabaseManager.Services.Datasources.csproj", "{9C98D64B-D730-4B65-9998-1C3E603ECAA4}"
EndProject
Project("{9A19103F-16F7-4668-BE54-9A1E7A4F7556}") = "DatabaseManager.Services.DataConfiguration", "DatabaseManager.Services.DataConfiguration\DatabaseManager.Services.DataConfiguration.csproj", "{DF13C120-0DF2-4641-A4A3-88A5A3D8DF86}"
EndProject
Global
	GlobalSection(SolutionConfigurationPlatforms) = preSolution
		Debug|Any CPU = Debug|Any CPU
		Release|Any CPU = Release|Any CPU
	EndGlobalSection
	GlobalSection(ProjectConfigurationPlatforms) = postSolution
		{FA78B9E1-74B5-41B2-9C1E-8BFA249503BB}.Debug|Any CPU.ActiveCfg = Debug|Any CPU
		{FA78B9E1-74B5-41B2-9C1E-8BFA249503BB}.Debug|Any CPU.Build.0 = Debug|Any CPU
		{FA78B9E1-74B5-41B2-9C1E-8BFA249503BB}.Release|Any CPU.ActiveCfg = Release|Any CPU
		{FA78B9E1-74B5-41B2-9C1E-8BFA249503BB}.Release|Any CPU.Build.0 = Release|Any CPU
		{4318C3EF-6424-497A-94F5-BE97C511E893}.Debug|Any CPU.ActiveCfg = Debug|Any CPU
		{4318C3EF-6424-497A-94F5-BE97C511E893}.Debug|Any CPU.Build.0 = Debug|Any CPU
		{4318C3EF-6424-497A-94F5-BE97C511E893}.Release|Any CPU.ActiveCfg = Release|Any CPU
		{4318C3EF-6424-497A-94F5-BE97C511E893}.Release|Any CPU.Build.0 = Release|Any CPU
		{386E0182-3078-467C-AD1D-B2799953D6D7}.Debug|Any CPU.ActiveCfg = Debug|Any CPU
		{386E0182-3078-467C-AD1D-B2799953D6D7}.Debug|Any CPU.Build.0 = Debug|Any CPU
		{386E0182-3078-467C-AD1D-B2799953D6D7}.Release|Any CPU.ActiveCfg = Release|Any CPU
		{386E0182-3078-467C-AD1D-B2799953D6D7}.Release|Any CPU.Build.0 = Release|Any CPU
		{2A33A814-8255-460D-B21C-00C0A2A58FB0}.Debug|Any CPU.ActiveCfg = Debug|Any CPU
		{2A33A814-8255-460D-B21C-00C0A2A58FB0}.Debug|Any CPU.Build.0 = Debug|Any CPU
		{2A33A814-8255-460D-B21C-00C0A2A58FB0}.Release|Any CPU.ActiveCfg = Release|Any CPU
		{2A33A814-8255-460D-B21C-00C0A2A58FB0}.Release|Any CPU.Build.0 = Release|Any CPU
		{76C22ABD-4AE1-44BA-B231-908533D291A0}.Debug|Any CPU.ActiveCfg = Debug|Any CPU
		{76C22ABD-4AE1-44BA-B231-908533D291A0}.Debug|Any CPU.Build.0 = Debug|Any CPU
		{76C22ABD-4AE1-44BA-B231-908533D291A0}.Release|Any CPU.ActiveCfg = Release|Any CPU
		{76C22ABD-4AE1-44BA-B231-908533D291A0}.Release|Any CPU.Build.0 = Release|Any CPU
		{DD6DA696-7911-459A-B426-CA3F07CD488A}.Debug|Any CPU.ActiveCfg = Debug|Any CPU
		{DD6DA696-7911-459A-B426-CA3F07CD488A}.Debug|Any CPU.Build.0 = Debug|Any CPU
		{DD6DA696-7911-459A-B426-CA3F07CD488A}.Release|Any CPU.ActiveCfg = Release|Any CPU
		{DD6DA696-7911-459A-B426-CA3F07CD488A}.Release|Any CPU.Build.0 = Release|Any CPU
		{8796D961-3CB8-4D2C-9394-FB0EDE5DF4A3}.Debug|Any CPU.ActiveCfg = Debug|Any CPU
		{8796D961-3CB8-4D2C-9394-FB0EDE5DF4A3}.Debug|Any CPU.Build.0 = Debug|Any CPU
		{8796D961-3CB8-4D2C-9394-FB0EDE5DF4A3}.Release|Any CPU.ActiveCfg = Release|Any CPU
		{8796D961-3CB8-4D2C-9394-FB0EDE5DF4A3}.Release|Any CPU.Build.0 = Release|Any CPU
		{E64B8DE9-C03F-44B5-8EE6-82F406198579}.Debug|Any CPU.ActiveCfg = Debug|Any CPU
		{E64B8DE9-C03F-44B5-8EE6-82F406198579}.Debug|Any CPU.Build.0 = Debug|Any CPU
		{E64B8DE9-C03F-44B5-8EE6-82F406198579}.Release|Any CPU.ActiveCfg = Release|Any CPU
		{E64B8DE9-C03F-44B5-8EE6-82F406198579}.Release|Any CPU.Build.0 = Release|Any CPU
		{9C98D64B-D730-4B65-9998-1C3E603ECAA4}.Debug|Any CPU.ActiveCfg = Debug|Any CPU
		{9C98D64B-D730-4B65-9998-1C3E603ECAA4}.Debug|Any CPU.Build.0 = Debug|Any CPU
		{9C98D64B-D730-4B65-9998-1C3E603ECAA4}.Release|Any CPU.ActiveCfg = Release|Any CPU
		{9C98D64B-D730-4B65-9998-1C3E603ECAA4}.Release|Any CPU.Build.0 = Release|Any CPU
		{DF13C120-0DF2-4641-A4A3-88A5A3D8DF86}.Debug|Any CPU.ActiveCfg = Debug|Any CPU
		{DF13C120-0DF2-4641-A4A3-88A5A3D8DF86}.Debug|Any CPU.Build.0 = Debug|Any CPU
		{DF13C120-0DF2-4641-A4A3-88A5A3D8DF86}.Release|Any CPU.ActiveCfg = Release|Any CPU
		{DF13C120-0DF2-4641-A4A3-88A5A3D8DF86}.Release|Any CPU.Build.0 = Release|Any CPU
	EndGlobalSection
	GlobalSection(SolutionProperties) = preSolution
		HideSolutionNode = FALSE
	EndGlobalSection
	GlobalSection(NestedProjects) = preSolution
		{9C98D64B-D730-4B65-9998-1C3E603ECAA4} = {EA828F33-3FF9-4D14-9C0E-F36AB7E3C98A}
		{DF13C120-0DF2-4641-A4A3-88A5A3D8DF86} = {EA828F33-3FF9-4D14-9C0E-F36AB7E3C98A}
	EndGlobalSection
	GlobalSection(ExtensibilityGlobals) = postSolution
		SolutionGuid = {E9878295-7BBD-490C-BAD1-48F130062BC4}
	EndGlobalSection
EndGlobal
